// !$*UTF8*$!
{
	archiveVersion = 1;
	classes = {
	};
	objectVersion = 56;
	objects = {

/* Begin PBXBuildFile section */
		EC20EB062908919100E743A3 /* Async_Await_Private_API_DemoApp.swift in Sources */ = {isa = PBXBuildFile; fileRef = EC20EB052908919100E743A3 /* Async_Await_Private_API_DemoApp.swift */; };
		EC20EB082908919100E743A3 /* ContentView.swift in Sources */ = {isa = PBXBuildFile; fileRef = EC20EB072908919100E743A3 /* ContentView.swift */; };
		EC20EB0A2908919300E743A3 /* Assets.xcassets in Resources */ = {isa = PBXBuildFile; fileRef = EC20EB092908919300E743A3 /* Assets.xcassets */; };
		EC20EB0D2908919300E743A3 /* Preview Assets.xcassets in Resources */ = {isa = PBXBuildFile; fileRef = EC20EB0C2908919300E743A3 /* Preview Assets.xcassets */; };
		EC20EB14290891B700E743A3 /* AsyncAPI.swift in Sources */ = {isa = PBXBuildFile; fileRef = EC20EB13290891B700E743A3 /* AsyncAPI.swift */; };
		EC20EB1B2908941E00E743A3 /* StarWarsPerson.swift in Sources */ = {isa = PBXBuildFile; fileRef = EC20EB182908939500E743A3 /* StarWarsPerson.swift */; };
		EC20EB1C2908942100E743A3 /* StarWarsPersonResponse.swift in Sources */ = {isa = PBXBuildFile; fileRef = EC20EB192908939500E743A3 /* StarWarsPersonResponse.swift */; };
		EC20EB1D2908942300E743A3 /* PrivateStarWarsAPI.swift in Sources */ = {isa = PBXBuildFile; fileRef = EC20EB1A2908939500E743A3 /* PrivateStarWarsAPI.swift */; };
		EC20EB1F2908961900E743A3 /* String+Extensions.swift in Sources */ = {isa = PBXBuildFile; fileRef = EC20EB1E2908961900E743A3 /* String+Extensions.swift */; };
		EC20EB27290ACFFC00E743A3 /* Async_Await_Private_API_DemoTests.swift in Sources */ = {isa = PBXBuildFile; fileRef = EC20EB26290ACFFC00E743A3 /* Async_Await_Private_API_DemoTests.swift */; };
/* End PBXBuildFile section */

/* Begin PBXContainerItemProxy section */
		EC20EB28290ACFFC00E743A3 /* PBXContainerItemProxy */ = {
			isa = PBXContainerItemProxy;
			containerPortal = EC20EAFA2908919100E743A3 /* Project object */;
			proxyType = 1;
			remoteGlobalIDString = EC20EB012908919100E743A3;
			remoteInfo = "Async Await Private API Demo";
		};
/* End PBXContainerItemProxy section */

/* Begin PBXFileReference section */
		EC20EB022908919100E743A3 /* Async Await Private API Demo.app */ = {isa = PBXFileReference; explicitFileType = wrapper.application; includeInIndex = 0; path = "Async Await Private API Demo.app"; sourceTree = BUILT_PRODUCTS_DIR; };
		EC20EB052908919100E743A3 /* Async_Await_Private_API_DemoApp.swift */ = {isa = PBXFileReference; lastKnownFileType = sourcecode.swift; path = Async_Await_Private_API_DemoApp.swift; sourceTree = "<group>"; };
		EC20EB072908919100E743A3 /* ContentView.swift */ = {isa = PBXFileReference; lastKnownFileType = sourcecode.swift; path = ContentView.swift; sourceTree = "<group>"; };
		EC20EB092908919300E743A3 /* Assets.xcassets */ = {isa = PBXFileReference; lastKnownFileType = folder.assetcatalog; path = Assets.xcassets; sourceTree = "<group>"; };
		EC20EB0C2908919300E743A3 /* Preview Assets.xcassets */ = {isa = PBXFileReference; lastKnownFileType = folder.assetcatalog; path = "Preview Assets.xcassets"; sourceTree = "<group>"; };
		EC20EB13290891B700E743A3 /* AsyncAPI.swift */ = {isa = PBXFileReference; lastKnownFileType = sourcecode.swift; path = AsyncAPI.swift; sourceTree = "<group>"; };
		EC20EB182908939500E743A3 /* StarWarsPerson.swift */ = {isa = PBXFileReference; lastKnownFileType = sourcecode.swift; path = StarWarsPerson.swift; sourceTree = "<group>"; };
		EC20EB192908939500E743A3 /* StarWarsPersonResponse.swift */ = {isa = PBXFileReference; lastKnownFileType = sourcecode.swift; path = StarWarsPersonResponse.swift; sourceTree = "<group>"; };
		EC20EB1A2908939500E743A3 /* PrivateStarWarsAPI.swift */ = {isa = PBXFileReference; lastKnownFileType = sourcecode.swift; path = PrivateStarWarsAPI.swift; sourceTree = "<group>"; };
		EC20EB1E2908961900E743A3 /* String+Extensions.swift */ = {isa = PBXFileReference; lastKnownFileType = sourcecode.swift; path = "String+Extensions.swift"; sourceTree = "<group>"; };
		EC20EB24290ACFFC00E743A3 /* Async Await Private API DemoTests.xctest */ = {isa = PBXFileReference; explicitFileType = wrapper.cfbundle; includeInIndex = 0; path = "Async Await Private API DemoTests.xctest"; sourceTree = BUILT_PRODUCTS_DIR; };
		EC20EB26290ACFFC00E743A3 /* Async_Await_Private_API_DemoTests.swift */ = {isa = PBXFileReference; lastKnownFileType = sourcecode.swift; path = Async_Await_Private_API_DemoTests.swift; sourceTree = "<group>"; };
/* End PBXFileReference section */

/* Begin PBXFrameworksBuildPhase section */
		EC20EAFF2908919100E743A3 /* Frameworks */ = {
			isa = PBXFrameworksBuildPhase;
			buildActionMask = 2147483647;
			files = (
			);
			runOnlyForDeploymentPostprocessing = 0;
		};
		EC20EB21290ACFFC00E743A3 /* Frameworks */ = {
			isa = PBXFrameworksBuildPhase;
			buildActionMask = 2147483647;
			files = (
			);
			runOnlyForDeploymentPostprocessing = 0;
		};
/* End PBXFrameworksBuildPhase section */

/* Begin PBXGroup section */
		EC20EAF92908919100E743A3 = {
			isa = PBXGroup;
			children = (
				EC20EB042908919100E743A3 /* Async Await Private API Demo */,
				EC20EB25290ACFFC00E743A3 /* Async Await Private API DemoTests */,
				EC20EB032908919100E743A3 /* Products */,
			);
			sourceTree = "<group>";
		};
		EC20EB032908919100E743A3 /* Products */ = {
			isa = PBXGroup;
			children = (
				EC20EB022908919100E743A3 /* Async Await Private API Demo.app */,
				EC20EB24290ACFFC00E743A3 /* Async Await Private API DemoTests.xctest */,
			);
			name = Products;
			sourceTree = "<group>";
		};
		EC20EB042908919100E743A3 /* Async Await Private API Demo */ = {
			isa = PBXGroup;
			children = (
				EC20EB052908919100E743A3 /* Async_Await_Private_API_DemoApp.swift */,
				EC20EB072908919100E743A3 /* ContentView.swift */,
				EC20EB13290891B700E743A3 /* AsyncAPI.swift */,
				EC20EB1E2908961900E743A3 /* String+Extensions.swift */,
				EC20EB172908939500E743A3 /* Private Star Wars API */,
				EC20EB092908919300E743A3 /* Assets.xcassets */,
				EC20EB0B2908919300E743A3 /* Preview Content */,
			);
			path = "Async Await Private API Demo";
			sourceTree = "<group>";
		};
		EC20EB0B2908919300E743A3 /* Preview Content */ = {
			isa = PBXGroup;
			children = (
				EC20EB0C2908919300E743A3 /* Preview Assets.xcassets */,
			);
			path = "Preview Content";
			sourceTree = "<group>";
		};
		EC20EB172908939500E743A3 /* Private Star Wars API */ = {
			isa = PBXGroup;
			children = (
				EC20EB182908939500E743A3 /* StarWarsPerson.swift */,
				EC20EB192908939500E743A3 /* StarWarsPersonResponse.swift */,
				EC20EB1A2908939500E743A3 /* PrivateStarWarsAPI.swift */,
			);
			path = "Private Star Wars API";
			sourceTree = "<group>";
		};
		EC20EB25290ACFFC00E743A3 /* Async Await Private API DemoTests */ = {
			isa = PBXGroup;
			children = (
				EC20EB26290ACFFC00E743A3 /* Async_Await_Private_API_DemoTests.swift */,
			);
			path = "Async Await Private API DemoTests";
			sourceTree = "<group>";
		};
/* End PBXGroup section */

/* Begin PBXNativeTarget section */
		EC20EB012908919100E743A3 /* Async Await Private API Demo */ = {
			isa = PBXNativeTarget;
			buildConfigurationList = EC20EB102908919300E743A3 /* Build configuration list for PBXNativeTarget "Async Await Private API Demo" */;
			buildPhases = (
				EC20EAFE2908919100E743A3 /* Sources */,
				EC20EAFF2908919100E743A3 /* Frameworks */,
				EC20EB002908919100E743A3 /* Resources */,
			);
			buildRules = (
			);
			dependencies = (
			);
			name = "Async Await Private API Demo";
			productName = "Async Await Private API Demo";
			productReference = EC20EB022908919100E743A3 /* Async Await Private API Demo.app */;
			productType = "com.apple.product-type.application";
		};
		EC20EB23290ACFFC00E743A3 /* Async Await Private API DemoTests */ = {
			isa = PBXNativeTarget;
			buildConfigurationList = EC20EB2A290ACFFC00E743A3 /* Build configuration list for PBXNativeTarget "Async Await Private API DemoTests" */;
			buildPhases = (
				EC20EB20290ACFFC00E743A3 /* Sources */,
				EC20EB21290ACFFC00E743A3 /* Frameworks */,
				EC20EB22290ACFFC00E743A3 /* Resources */,
			);
			buildRules = (
			);
			dependencies = (
				EC20EB29290ACFFC00E743A3 /* PBXTargetDependency */,
			);
			name = "Async Await Private API DemoTests";
			productName = "Async Await Private API DemoTests";
			productReference = EC20EB24290ACFFC00E743A3 /* Async Await Private API DemoTests.xctest */;
			productType = "com.apple.product-type.bundle.unit-test";
		};
/* End PBXNativeTarget section */

/* Begin PBXProject section */
		EC20EAFA2908919100E743A3 /* Project object */ = {
			isa = PBXProject;
			attributes = {
				BuildIndependentTargetsInParallel = 1;
				LastSwiftUpdateCheck = 1400;
				LastUpgradeCheck = 1400;
				TargetAttributes = {
					EC20EB012908919100E743A3 = {
						CreatedOnToolsVersion = 14.0.1;
					};
					EC20EB23290ACFFC00E743A3 = {
						CreatedOnToolsVersion = 14.0.1;
						TestTargetID = EC20EB012908919100E743A3;
					};
				};
			};
			buildConfigurationList = EC20EAFD2908919100E743A3 /* Build configuration list for PBXProject "Async Await Private API Demo" */;
			compatibilityVersion = "Xcode 14.0";
			developmentRegion = en;
			hasScannedForEncodings = 0;
			knownRegions = (
				en,
				Base,
			);
			mainGroup = EC20EAF92908919100E743A3;
			productRefGroup = EC20EB032908919100E743A3 /* Products */;
			projectDirPath = "";
			projectRoot = "";
			targets = (
				EC20EB012908919100E743A3 /* Async Await Private API Demo */,
				EC20EB23290ACFFC00E743A3 /* Async Await Private API DemoTests */,
			);
		};
/* End PBXProject section */

/* Begin PBXResourcesBuildPhase section */
		EC20EB002908919100E743A3 /* Resources */ = {
			isa = PBXResourcesBuildPhase;
			buildActionMask = 2147483647;
			files = (
				EC20EB0D2908919300E743A3 /* Preview Assets.xcassets in Resources */,
				EC20EB0A2908919300E743A3 /* Assets.xcassets in Resources */,
			);
			runOnlyForDeploymentPostprocessing = 0;
		};
		EC20EB22290ACFFC00E743A3 /* Resources */ = {
			isa = PBXResourcesBuildPhase;
			buildActionMask = 2147483647;
			files = (
			);
			runOnlyForDeploymentPostprocessing = 0;
		};
/* End PBXResourcesBuildPhase section */

/* Begin PBXSourcesBuildPhase section */
		EC20EAFE2908919100E743A3 /* Sources */ = {
			isa = PBXSourcesBuildPhase;
			buildActionMask = 2147483647;
			files = (
				EC20EB082908919100E743A3 /* ContentView.swift in Sources */,
				EC20EB1F2908961900E743A3 /* String+Extensions.swift in Sources */,
				EC20EB1B2908941E00E743A3 /* StarWarsPerson.swift in Sources */,
				EC20EB062908919100E743A3 /* Async_Await_Private_API_DemoApp.swift in Sources */,
				EC20EB1D2908942300E743A3 /* PrivateStarWarsAPI.swift in Sources */,
				EC20EB1C2908942100E743A3 /* StarWarsPersonResponse.swift in Sources */,
				EC20EB14290891B700E743A3 /* AsyncAPI.swift in Sources */,
			);
			runOnlyForDeploymentPostprocessing = 0;
		};
		EC20EB20290ACFFC00E743A3 /* Sources */ = {
			isa = PBXSourcesBuildPhase;
			buildActionMask = 2147483647;
			files = (
				EC20EB27290ACFFC00E743A3 /* Async_Await_Private_API_DemoTests.swift in Sources */,
			);
			runOnlyForDeploymentPostprocessing = 0;
		};
/* End PBXSourcesBuildPhase section */

/* Begin PBXTargetDependency section */
		EC20EB29290ACFFC00E743A3 /* PBXTargetDependency */ = {
			isa = PBXTargetDependency;
			target = EC20EB012908919100E743A3 /* Async Await Private API Demo */;
			targetProxy = EC20EB28290ACFFC00E743A3 /* PBXContainerItemProxy */;
		};
/* End PBXTargetDependency section */

/* Begin XCBuildConfiguration section */
		EC20EB0E2908919300E743A3 /* Debug */ = {
			isa = XCBuildConfiguration;
			buildSettings = {
				ALWAYS_SEARCH_USER_PATHS = NO;
				CLANG_ANALYZER_NONNULL = YES;
				CLANG_ANALYZER_NUMBER_OBJECT_CONVERSION = YES_AGGRESSIVE;
				CLANG_CXX_LANGUAGE_STANDARD = "gnu++20";
				CLANG_ENABLE_MODULES = YES;
				CLANG_ENABLE_OBJC_ARC = YES;
				CLANG_ENABLE_OBJC_WEAK = YES;
				CLANG_WARN_BLOCK_CAPTURE_AUTORELEASING = YES;
				CLANG_WARN_BOOL_CONVERSION = YES;
				CLANG_WARN_COMMA = YES;
				CLANG_WARN_CONSTANT_CONVERSION = YES;
				CLANG_WARN_DEPRECATED_OBJC_IMPLEMENTATIONS = YES;
				CLANG_WARN_DIRECT_OBJC_ISA_USAGE = YES_ERROR;
				CLANG_WARN_DOCUMENTATION_COMMENTS = YES;
				CLANG_WARN_EMPTY_BODY = YES;
				CLANG_WARN_ENUM_CONVERSION = YES;
				CLANG_WARN_INFINITE_RECURSION = YES;
				CLANG_WARN_INT_CONVERSION = YES;
				CLANG_WARN_NON_LITERAL_NULL_CONVERSION = YES;
				CLANG_WARN_OBJC_IMPLICIT_RETAIN_SELF = YES;
				CLANG_WARN_OBJC_LITERAL_CONVERSION = YES;
				CLANG_WARN_OBJC_ROOT_CLASS = YES_ERROR;
				CLANG_WARN_QUOTED_INCLUDE_IN_FRAMEWORK_HEADER = YES;
				CLANG_WARN_RANGE_LOOP_ANALYSIS = YES;
				CLANG_WARN_STRICT_PROTOTYPES = YES;
				CLANG_WARN_SUSPICIOUS_MOVE = YES;
				CLANG_WARN_UNGUARDED_AVAILABILITY = YES_AGGRESSIVE;
				CLANG_WARN_UNREACHABLE_CODE = YES;
				CLANG_WARN__DUPLICATE_METHOD_MATCH = YES;
				COPY_PHASE_STRIP = NO;
				DEBUG_INFORMATION_FORMAT = dwarf;
				ENABLE_STRICT_OBJC_MSGSEND = YES;
				ENABLE_TESTABILITY = YES;
				GCC_C_LANGUAGE_STANDARD = gnu11;
				GCC_DYNAMIC_NO_PIC = NO;
				GCC_NO_COMMON_BLOCKS = YES;
				GCC_OPTIMIZATION_LEVEL = 0;
				GCC_PREPROCESSOR_DEFINITIONS = (
					"DEBUG=1",
					"$(inherited)",
				);
				GCC_WARN_64_TO_32_BIT_CONVERSION = YES;
				GCC_WARN_ABOUT_RETURN_TYPE = YES_ERROR;
				GCC_WARN_UNDECLARED_SELECTOR = YES;
				GCC_WARN_UNINITIALIZED_AUTOS = YES_AGGRESSIVE;
				GCC_WARN_UNUSED_FUNCTION = YES;
				GCC_WARN_UNUSED_VARIABLE = YES;
				IPHONEOS_DEPLOYMENT_TARGET = 16.0;
				MTL_ENABLE_DEBUG_INFO = INCLUDE_SOURCE;
				MTL_FAST_MATH = YES;
				ONLY_ACTIVE_ARCH = YES;
				SDKROOT = iphoneos;
				SWIFT_ACTIVE_COMPILATION_CONDITIONS = DEBUG;
				SWIFT_OPTIMIZATION_LEVEL = "-Onone";
			};
			name = Debug;
		};
		EC20EB0F2908919300E743A3 /* Release */ = {
			isa = XCBuildConfiguration;
			buildSettings = {
				ALWAYS_SEARCH_USER_PATHS = NO;
				CLANG_ANALYZER_NONNULL = YES;
				CLANG_ANALYZER_NUMBER_OBJECT_CONVERSION = YES_AGGRESSIVE;
				CLANG_CXX_LANGUAGE_STANDARD = "gnu++20";
				CLANG_ENABLE_MODULES = YES;
				CLANG_ENABLE_OBJC_ARC = YES;
				CLANG_ENABLE_OBJC_WEAK = YES;
				CLANG_WARN_BLOCK_CAPTURE_AUTORELEASING = YES;
				CLANG_WARN_BOOL_CONVERSION = YES;
				CLANG_WARN_COMMA = YES;
				CLANG_WARN_CONSTANT_CONVERSION = YES;
				CLANG_WARN_DEPRECATED_OBJC_IMPLEMENTATIONS = YES;
				CLANG_WARN_DIRECT_OBJC_ISA_USAGE = YES_ERROR;
				CLANG_WARN_DOCUMENTATION_COMMENTS = YES;
				CLANG_WARN_EMPTY_BODY = YES;
				CLANG_WARN_ENUM_CONVERSION = YES;
				CLANG_WARN_INFINITE_RECURSION = YES;
				CLANG_WARN_INT_CONVERSION = YES;
				CLANG_WARN_NON_LITERAL_NULL_CONVERSION = YES;
				CLANG_WARN_OBJC_IMPLICIT_RETAIN_SELF = YES;
				CLANG_WARN_OBJC_LITERAL_CONVERSION = YES;
				CLANG_WARN_OBJC_ROOT_CLASS = YES_ERROR;
				CLANG_WARN_QUOTED_INCLUDE_IN_FRAMEWORK_HEADER = YES;
				CLANG_WARN_RANGE_LOOP_ANALYSIS = YES;
				CLANG_WARN_STRICT_PROTOTYPES = YES;
				CLANG_WARN_SUSPICIOUS_MOVE = YES;
				CLANG_WARN_UNGUARDED_AVAILABILITY = YES_AGGRESSIVE;
				CLANG_WARN_UNREACHABLE_CODE = YES;
				CLANG_WARN__DUPLICATE_METHOD_MATCH = YES;
				COPY_PHASE_STRIP = NO;
				DEBUG_INFORMATION_FORMAT = "dwarf-with-dsym";
				ENABLE_NS_ASSERTIONS = NO;
				ENABLE_STRICT_OBJC_MSGSEND = YES;
				GCC_C_LANGUAGE_STANDARD = gnu11;
				GCC_NO_COMMON_BLOCKS = YES;
				GCC_WARN_64_TO_32_BIT_CONVERSION = YES;
				GCC_WARN_ABOUT_RETURN_TYPE = YES_ERROR;
				GCC_WARN_UNDECLARED_SELECTOR = YES;
				GCC_WARN_UNINITIALIZED_AUTOS = YES_AGGRESSIVE;
				GCC_WARN_UNUSED_FUNCTION = YES;
				GCC_WARN_UNUSED_VARIABLE = YES;
				IPHONEOS_DEPLOYMENT_TARGET = 16.0;
				MTL_ENABLE_DEBUG_INFO = NO;
				MTL_FAST_MATH = YES;
				SDKROOT = iphoneos;
				SWIFT_COMPILATION_MODE = wholemodule;
				SWIFT_OPTIMIZATION_LEVEL = "-O";
				VALIDATE_PRODUCT = YES;
			};
			name = Release;
		};
		EC20EB112908919300E743A3 /* Debug */ = {
			isa = XCBuildConfiguration;
			buildSettings = {
				ASSETCATALOG_COMPILER_APPICON_NAME = AppIcon;
				ASSETCATALOG_COMPILER_GLOBAL_ACCENT_COLOR_NAME = AccentColor;
				CODE_SIGN_STYLE = Automatic;
				CURRENT_PROJECT_VERSION = 1;
				DEVELOPMENT_ASSET_PATHS = "\"Async Await Private API Demo/Preview Content\"";
				DEVELOPMENT_TEAM = PM4FDSTQ8K;
				ENABLE_PREVIEWS = YES;
				GENERATE_INFOPLIST_FILE = YES;
				INFOPLIST_KEY_UIApplicationSceneManifest_Generation = YES;
				INFOPLIST_KEY_UIApplicationSupportsIndirectInputEvents = YES;
				INFOPLIST_KEY_UILaunchScreen_Generation = YES;
				INFOPLIST_KEY_UISupportedInterfaceOrientations_iPad = "UIInterfaceOrientationPortrait UIInterfaceOrientationPortraitUpsideDown UIInterfaceOrientationLandscapeLeft UIInterfaceOrientationLandscapeRight";
				INFOPLIST_KEY_UISupportedInterfaceOrientations_iPhone = "UIInterfaceOrientationPortrait UIInterfaceOrientationLandscapeLeft UIInterfaceOrientationLandscapeRight";
				LD_RUNPATH_SEARCH_PATHS = (
					"$(inherited)",
					"@executable_path/Frameworks",
				);
				MARKETING_VERSION = 1.0;
				PRODUCT_BUNDLE_IDENTIFIER = "llc.retro.Async-Await-Private-API-Demo";
				PRODUCT_NAME = "$(TARGET_NAME)";
				SWIFT_EMIT_LOC_STRINGS = YES;
				SWIFT_VERSION = 5.0;
				TARGETED_DEVICE_FAMILY = "1,2";
			};
			name = Debug;
		};
		EC20EB122908919300E743A3 /* Release */ = {
			isa = XCBuildConfiguration;
			buildSettings = {
				ASSETCATALOG_COMPILER_APPICON_NAME = AppIcon;
				ASSETCATALOG_COMPILER_GLOBAL_ACCENT_COLOR_NAME = AccentColor;
				CODE_SIGN_STYLE = Automatic;
				CURRENT_PROJECT_VERSION = 1;
				DEVELOPMENT_ASSET_PATHS = "\"Async Await Private API Demo/Preview Content\"";
				DEVELOPMENT_TEAM = PM4FDSTQ8K;
				ENABLE_PREVIEWS = YES;
				GENERATE_INFOPLIST_FILE = YES;
				INFOPLIST_KEY_UIApplicationSceneManifest_Generation = YES;
				INFOPLIST_KEY_UIApplicationSupportsIndirectInputEvents = YES;
				INFOPLIST_KEY_UILaunchScreen_Generation = YES;
				INFOPLIST_KEY_UISupportedInterfaceOrientations_iPad = "UIInterfaceOrientationPortrait UIInterfaceOrientationPortraitUpsideDown UIInterfaceOrientationLandscapeLeft UIInterfaceOrientationLandscapeRight";
				INFOPLIST_KEY_UISupportedInterfaceOrientations_iPhone = "UIInterfaceOrientationPortrait UIInterfaceOrientationLandscapeLeft UIInterfaceOrientationLandscapeRight";
				LD_RUNPATH_SEARCH_PATHS = (
					"$(inherited)",
					"@executable_path/Frameworks",
				);
				MARKETING_VERSION = 1.0;
				PRODUCT_BUNDLE_IDENTIFIER = "llc.retro.Async-Await-Private-API-Demo";
				PRODUCT_NAME = "$(TARGET_NAME)";
				SWIFT_EMIT_LOC_STRINGS = YES;
				SWIFT_VERSION = 5.0;
				TARGETED_DEVICE_FAMILY = "1,2";
			};
			name = Release;
		};
		EC20EB2B290ACFFC00E743A3 /* Debug */ = {
			isa = XCBuildConfiguration;
			buildSettings = {
				BUNDLE_LOADER = "$(TEST_HOST)";
				CODE_SIGN_STYLE = Automatic;
				CURRENT_PROJECT_VERSION = 1;
				DEVELOPMENT_TEAM = PM4FDSTQ8K;
				GENERATE_INFOPLIST_FILE = YES;
				IPHONEOS_DEPLOYMENT_TARGET = 16.0;
				MACOSX_DEPLOYMENT_TARGET = 12.3;
				MARKETING_VERSION = 1.0;
				PRODUCT_BUNDLE_IDENTIFIER = "llc.retro.Async-Await-Private-API-DemoTests";
				PRODUCT_NAME = "$(TARGET_NAME)";
				SDKROOT = auto;
				SUPPORTED_PLATFORMS = "iphoneos iphonesimulator macosx";
				SWIFT_EMIT_LOC_STRINGS = NO;
				SWIFT_VERSION = 5.0;
				TARGETED_DEVICE_FAMILY = "1,2";
				TEST_HOST = "$(BUILT_PRODUCTS_DIR)/Async Await Private API Demo.app/$(BUNDLE_EXECUTABLE_FOLDER_PATH)/Async Await Private API Demo";
			};
			name = Debug;
		};
		EC20EB2C290ACFFC00E743A3 /* Release */ = {
			isa = XCBuildConfiguration;
			buildSettings = {
				BUNDLE_LOADER = "$(TEST_HOST)";
				CODE_SIGN_STYLE = Automatic;
				CURRENT_PROJECT_VERSION = 1;
				DEVELOPMENT_TEAM = PM4FDSTQ8K;
				GENERATE_INFOPLIST_FILE = YES;
				IPHONEOS_DEPLOYMENT_TARGET = 16.0;
				MACOSX_DEPLOYMENT_TARGET = 12.3;
				MARKETING_VERSION = 1.0;
				PRODUCT_BUNDLE_IDENTIFIER = "llc.retro.Async-Await-Private-API-DemoTests";
				PRODUCT_NAME = "$(TARGET_NAME)";
				SDKROOT = auto;
				SUPPORTED_PLATFORMS = "iphoneos iphonesimulator macosx";
				SWIFT_EMIT_LOC_STRINGS = NO;
				SWIFT_VERSION = 5.0;
				TARGETED_DEVICE_FAMILY = "1,2";
				TEST_HOST = "$(BUILT_PRODUCTS_DIR)/Async Await Private API Demo.app/$(BUNDLE_EXECUTABLE_FOLDER_PATH)/Async Await Private API Demo";
			};
			name = Release;
		};
/* End XCBuildConfiguration section */

/* Begin XCConfigurationList section */
		EC20EAFD2908919100E743A3 /* Build configuration list for PBXProject "Async Await Private API Demo" */ = {
			isa = XCConfigurationList;
			buildConfigurations = (
				EC20EB0E2908919300E743A3 /* Debug */,
				EC20EB0F2908919300E743A3 /* Release */,
			);
			defaultConfigurationIsVisible = 0;
			defaultConfigurationName = Release;
		};
		EC20EB102908919300E743A3 /* Build configuration list for PBXNativeTarget "Async Await Private API Demo" */ = {
			isa = XCConfigurationList;
			buildConfigurations = (
				EC20EB112908919300E743A3 /* Debug */,
				EC20EB122908919300E743A3 /* Release */,
			);
			defaultConfigurationIsVisible = 0;
			defaultConfigurationName = Release;
		};
		EC20EB2A290ACFFC00E743A3 /* Build configuration list for PBXNativeTarget "Async Await Private API DemoTests" */ = {
			isa = XCConfigurationList;
			buildConfigurations = (
				EC20EB2B290ACFFC00E743A3 /* Debug */,
				EC20EB2C290ACFFC00E743A3 /* Release */,
			);
			defaultConfigurationIsVisible = 0;
			defaultConfigurationName = Release;
		};
/* End XCConfigurationList section */
	};
	rootObject = EC20EAFA2908919100E743A3 /* Project object */;
}
